
Microsoft Visual Studio Solution File, Format Version 12.00
# Visual Studio Version 17
VisualStudioVersion = 17.3.32825.248
MinimumVisualStudioVersion = 10.0.40219.1
Project("{FAE04EC0-301F-11D3-BF4B-00C04F79EFBC}") = "HazardDetector", "HazardDetector\HazardDetector.csproj", "{231AD84F-7B4E-4140-B4E0-D98C28B990F1}"
EndProject
Global
	GlobalSection(SolutionConfigurationPlatforms) = preSolution
		Debug|Any CPU = Debug|Any CPU
		Release|Any CPU = Release|Any CPU
	EndGlobalSection
	GlobalSection(ProjectConfigurationPlatforms) = postSolution
		{231AD84F-7B4E-4140-B4E0-D98C28B990F1}.Debug|Any CPU.ActiveCfg = Debug|Any CPU
		{231AD84F-7B4E-4140-B4E0-D98C28B990F1}.Debug|Any CPU.Build.0 = Debug|Any CPU
		{231AD84F-7B4E-4140-B4E0-D98C28B990F1}.Release|Any CPU.ActiveCfg = Release|Any CPU
		{231AD84F-7B4E-4140-B4E0-D98C28B990F1}.Release|Any CPU.Build.0 = Release|Any CPU
	EndGlobalSection
	GlobalSection(SolutionProperties) = preSolution
		HideSolutionNode = FALSE
	EndGlobalSection
	GlobalSection(ExtensibilityGlobals) = postSolution
		SolutionGuid = {8BDB2D27-67DF-4A91-BE3E-8342B65088AD}
	EndGlobalSection
EndGlobal
